
Microsoft Visual Studio Solution File, Format Version 12.00
# Visual Studio Version 16
VisualStudioVersion = 16.0.32630.194
MinimumVisualStudioVersion = 10.0.40219.1
Project("{FAE04EC0-301F-11D3-BF4B-00C04F79EFBC}") = "AddressBook", "AddressBook\AddressBook.csproj", "{A54BFD19-DF67-4B08-BE1F-08D7CAFC46DD}"
EndProject
Global
	GlobalSection(SolutionConfigurationPlatforms) = preSolution
		Debug|Any CPU = Debug|Any CPU
		Release|Any CPU = Release|Any CPU
	EndGlobalSection
	GlobalSection(ProjectConfigurationPlatforms) = postSolution
		{A54BFD19-DF67-4B08-BE1F-08D7CAFC46DD}.Debug|Any CPU.ActiveCfg = Debug|Any CPU
		{A54BFD19-DF67-4B08-BE1F-08D7CAFC46DD}.Debug|Any CPU.Build.0 = Debug|Any CPU
		{A54BFD19-DF67-4B08-BE1F-08D7CAFC46DD}.Release|Any CPU.ActiveCfg = Release|Any CPU
		{A54BFD19-DF67-4B08-BE1F-08D7CAFC46DD}.Release|Any CPU.Build.0 = Release|Any CPU
	EndGlobalSection
	GlobalSection(SolutionProperties) = preSolution
		HideSolutionNode = FALSE
	EndGlobalSection
	GlobalSection(ExtensibilityGlobals) = postSolution
		SolutionGuid = {3FDC7D6D-4912-420E-B1BD-356B4B6BA339}
	EndGlobalSection
EndGlobal
